
Microsoft Visual Studio Solution File, Format Version 12.00
# Visual Studio 15
VisualStudioVersion = 15.0.27703.2035
MinimumVisualStudioVersion = 10.0.40219.1
Project("{FAE04EC0-301F-11D3-BF4B-00C04F79EFBC}") = "Q1", "Q1\Q1.csproj", "{D8865585-E133-4F5E-913F-5B7D8BAD90FB}"
EndProject
Global
	GlobalSection(SolutionConfigurationPlatforms) = preSolution
		Debug|Any CPU = Debug|Any CPU
		Release|Any CPU = Release|Any CPU
	EndGlobalSection
	GlobalSection(ProjectConfigurationPlatforms) = postSolution
		{D8865585-E133-4F5E-913F-5B7D8BAD90FB}.Debug|Any CPU.ActiveCfg = Debug|Any CPU
		{D8865585-E133-4F5E-913F-5B7D8BAD90FB}.Debug|Any CPU.Build.0 = Debug|Any CPU
		{D8865585-E133-4F5E-913F-5B7D8BAD90FB}.Release|Any CPU.ActiveCfg = Release|Any CPU
		{D8865585-E133-4F5E-913F-5B7D8BAD90FB}.Release|Any CPU.Build.0 = Release|Any CPU
	EndGlobalSection
	GlobalSection(SolutionProperties) = preSolution
		HideSolutionNode = FALSE
	EndGlobalSection
	GlobalSection(ExtensibilityGlobals) = postSolution
		SolutionGuid = {D71075FB-B451-4CD5-A923-6177E9E445DA}
	EndGlobalSection
EndGlobal
